
Microsoft Visual Studio Solution File, Format Version 12.00
# Visual Studio 15
VisualStudioVersion = 15.0.27004.2009
MinimumVisualStudioVersion = 10.0.40219.1
Project("{FAE04EC0-301F-11D3-BF4B-00C04F79EFBC}") = "VaryBerry", "VaryBerry\VaryBerry.csproj", "{35005B07-AD68-46CC-8FB8-98DADB76501E}"
EndProject
Global
	GlobalSection(SolutionConfigurationPlatforms) = preSolution
		Debug|Any CPU = Debug|Any CPU
		Release|Any CPU = Release|Any CPU
	EndGlobalSection
	GlobalSection(ProjectConfigurationPlatforms) = postSolution
		{35005B07-AD68-46CC-8FB8-98DADB76501E}.Debug|Any CPU.ActiveCfg = Debug|Any CPU
		{35005B07-AD68-46CC-8FB8-98DADB76501E}.Debug|Any CPU.Build.0 = Debug|Any CPU
		{35005B07-AD68-46CC-8FB8-98DADB76501E}.Release|Any CPU.ActiveCfg = Release|Any CPU
		{35005B07-AD68-46CC-8FB8-98DADB76501E}.Release|Any CPU.Build.0 = Release|Any CPU
	EndGlobalSection
	GlobalSection(SolutionProperties) = preSolution
		HideSolutionNode = FALSE
	EndGlobalSection
	GlobalSection(ExtensibilityGlobals) = postSolution
		SolutionGuid = {B3D89B98-4900-4467-9E83-30EAC6A38CBA}
	EndGlobalSection
EndGlobal
